
Microsoft Visual Studio Solution File, Format Version 12.00
# Visual Studio Version 17
VisualStudioVersion = 17.10.35004.147
MinimumVisualStudioVersion = 10.0.40219.1
Project("{9A19103F-16F7-4668-BE54-9A1E7A4F7556}") = "Area of circle and triangle", "Area of circle and triangle\Area of circle and triangle.csproj", "{42BC70CB-F2EF-4104-8868-06A70583EA73}"
EndProject
Project("{FAE04EC0-301F-11D3-BF4B-00C04F79EFBC}") = "TestProject1", "TestProject1\TestProject1.csproj", "{9095EEEF-1A75-4BB8-B4E9-1869737CFE08}"
EndProject
Global
	GlobalSection(SolutionConfigurationPlatforms) = preSolution
		Debug|Any CPU = Debug|Any CPU
		Release|Any CPU = Release|Any CPU
	EndGlobalSection
	GlobalSection(ProjectConfigurationPlatforms) = postSolution
		{42BC70CB-F2EF-4104-8868-06A70583EA73}.Debug|Any CPU.ActiveCfg = Debug|Any CPU
		{42BC70CB-F2EF-4104-8868-06A70583EA73}.Debug|Any CPU.Build.0 = Debug|Any CPU
		{42BC70CB-F2EF-4104-8868-06A70583EA73}.Release|Any CPU.ActiveCfg = Release|Any CPU
		{42BC70CB-F2EF-4104-8868-06A70583EA73}.Release|Any CPU.Build.0 = Release|Any CPU
		{9095EEEF-1A75-4BB8-B4E9-1869737CFE08}.Debug|Any CPU.ActiveCfg = Debug|Any CPU
		{9095EEEF-1A75-4BB8-B4E9-1869737CFE08}.Debug|Any CPU.Build.0 = Debug|Any CPU
		{9095EEEF-1A75-4BB8-B4E9-1869737CFE08}.Release|Any CPU.ActiveCfg = Release|Any CPU
		{9095EEEF-1A75-4BB8-B4E9-1869737CFE08}.Release|Any CPU.Build.0 = Release|Any CPU
	EndGlobalSection
	GlobalSection(SolutionProperties) = preSolution
		HideSolutionNode = FALSE
	EndGlobalSection
	GlobalSection(ExtensibilityGlobals) = postSolution
		SolutionGuid = {F5C3E75D-885F-4217-A750-C6A7C0BD50D4}
	EndGlobalSection
EndGlobal
